// !$*UTF8*$!
{
	archiveVersion = 1;
	classes = {
	};
	objectVersion = 46;
	objects = {

/* Begin PBXBuildFile section */
		4DAAC94518983AA5009D0C60 /* Foundation.framework in Frameworks */ = {isa = PBXBuildFile; fileRef = 4DAAC94418983AA5009D0C60 /* Foundation.framework */; };
		4DAAC94718983AA5009D0C60 /* CoreGraphics.framework in Frameworks */ = {isa = PBXBuildFile; fileRef = 4DAAC94618983AA5009D0C60 /* CoreGraphics.framework */; };
		4DAAC94918983AA5009D0C60 /* UIKit.framework in Frameworks */ = {isa = PBXBuildFile; fileRef = 4DAAC94818983AA5009D0C60 /* UIKit.framework */; };
		4DAAC94B18983AA5009D0C60 /* CoreData.framework in Frameworks */ = {isa = PBXBuildFile; fileRef = 4DAAC94A18983AA5009D0C60 /* CoreData.framework */; };
		4DAAC95118983AA5009D0C60 /* InfoPlist.strings in Resources */ = {isa = PBXBuildFile; fileRef = 4DAAC94F18983AA5009D0C60 /* InfoPlist.strings */; };
		4DAAC95318983AA5009D0C60 /* main.m in Sources */ = {isa = PBXBuildFile; fileRef = 4DAAC95218983AA5009D0C60 /* main.m */; };
		4DAAC95718983AA5009D0C60 /* AppDelegate.m in Sources */ = {isa = PBXBuildFile; fileRef = 4DAAC95618983AA5009D0C60 /* AppDelegate.m */; };
		4DAAC95A18983AA5009D0C60 /* LightWeightMigration.xcdatamodeld in Sources */ = {isa = PBXBuildFile; fileRef = 4DAAC95818983AA5009D0C60 /* LightWeightMigration.xcdatamodeld */; };
		4DAAC95C18983AA5009D0C60 /* Images.xcassets in Resources */ = {isa = PBXBuildFile; fileRef = 4DAAC95B18983AA5009D0C60 /* Images.xcassets */; };
		4DAAC96318983AA5009D0C60 /* XCTest.framework in Frameworks */ = {isa = PBXBuildFile; fileRef = 4DAAC96218983AA5009D0C60 /* XCTest.framework */; };
		4DAAC96418983AA5009D0C60 /* Foundation.framework in Frameworks */ = {isa = PBXBuildFile; fileRef = 4DAAC94418983AA5009D0C60 /* Foundation.framework */; };
		4DAAC96518983AA5009D0C60 /* UIKit.framework in Frameworks */ = {isa = PBXBuildFile; fileRef = 4DAAC94818983AA5009D0C60 /* UIKit.framework */; };
		4DAAC96618983AA5009D0C60 /* CoreData.framework in Frameworks */ = {isa = PBXBuildFile; fileRef = 4DAAC94A18983AA5009D0C60 /* CoreData.framework */; };
		4DAAC96E18983AA5009D0C60 /* InfoPlist.strings in Resources */ = {isa = PBXBuildFile; fileRef = 4DAAC96C18983AA5009D0C60 /* InfoPlist.strings */; };
		4DAAC97018983AA5009D0C60 /* LightWeightMigrationTests.m in Sources */ = {isa = PBXBuildFile; fileRef = 4DAAC96F18983AA5009D0C60 /* LightWeightMigrationTests.m */; };
		4DAAC97B18983B9A009D0C60 /* Model.xcmappingmodel in Sources */ = {isa = PBXBuildFile; fileRef = 4DAAC97A18983B9A009D0C60 /* Model.xcmappingmodel */; };
/* End PBXBuildFile section */

/* Begin PBXContainerItemProxy section */
		4DAAC96718983AA5009D0C60 /* PBXContainerItemProxy */ = {
			isa = PBXContainerItemProxy;
			containerPortal = 4DAAC93918983AA5009D0C60 /* Project object */;
			proxyType = 1;
			remoteGlobalIDString = 4DAAC94018983AA5009D0C60;
			remoteInfo = LightWeightMigration;
		};
/* End PBXContainerItemProxy section */

/* Begin PBXFileReference section */
		4DAAC94118983AA5009D0C60 /* LightWeightMigration.app */ = {isa = PBXFileReference; explicitFileType = wrapper.application; includeInIndex = 0; path = LightWeightMigration.app; sourceTree = BUILT_PRODUCTS_DIR; };
		4DAAC94418983AA5009D0C60 /* Foundation.framework */ = {isa = PBXFileReference; lastKnownFileType = wrapper.framework; name = Foundation.framework; path = System/Library/Frameworks/Foundation.framework; sourceTree = SDKROOT; };
		4DAAC94618983AA5009D0C60 /* CoreGraphics.framework */ = {isa = PBXFileReference; lastKnownFileType = wrapper.framework; name = CoreGraphics.framework; path = System/Library/Frameworks/CoreGraphics.framework; sourceTree = SDKROOT; };
		4DAAC94818983AA5009D0C60 /* UIKit.framework */ = {isa = PBXFileReference; lastKnownFileType = wrapper.framework; name = UIKit.framework; path = System/Library/Frameworks/UIKit.framework; sourceTree = SDKROOT; };
		4DAAC94A18983AA5009D0C60 /* CoreData.framework */ = {isa = PBXFileReference; lastKnownFileType = wrapper.framework; name = CoreData.framework; path = System/Library/Frameworks/CoreData.framework; sourceTree = SDKROOT; };
		4DAAC94E18983AA5009D0C60 /* LightWeightMigration-Info.plist */ = {isa = PBXFileReference; lastKnownFileType = text.plist.xml; path = "LightWeightMigration-Info.plist"; sourceTree = "<group>"; };
		4DAAC95018983AA5009D0C60 /* en */ = {isa = PBXFileReference; lastKnownFileType = text.plist.strings; name = en; path = en.lproj/InfoPlist.strings; sourceTree = "<group>"; };
		4DAAC95218983AA5009D0C60 /* main.m */ = {isa = PBXFileReference; lastKnownFileType = sourcecode.c.objc; path = main.m; sourceTree = "<group>"; };
		4DAAC95418983AA5009D0C60 /* LightWeightMigration-Prefix.pch */ = {isa = PBXFileReference; lastKnownFileType = sourcecode.c.h; path = "LightWeightMigration-Prefix.pch"; sourceTree = "<group>"; };
		4DAAC95518983AA5009D0C60 /* AppDelegate.h */ = {isa = PBXFileReference; lastKnownFileType = sourcecode.c.h; path = AppDelegate.h; sourceTree = "<group>"; };
		4DAAC95618983AA5009D0C60 /* AppDelegate.m */ = {isa = PBXFileReference; lastKnownFileType = sourcecode.c.objc; path = AppDelegate.m; sourceTree = "<group>"; };
		4DAAC95918983AA5009D0C60 /* LightWeightMigration.xcdatamodel */ = {isa = PBXFileReference; lastKnownFileType = wrapper.xcdatamodel; path = LightWeightMigration.xcdatamodel; sourceTree = "<group>"; };
		4DAAC95B18983AA5009D0C60 /* Images.xcassets */ = {isa = PBXFileReference; lastKnownFileType = folder.assetcatalog; path = Images.xcassets; sourceTree = "<group>"; };
		4DAAC96118983AA5009D0C60 /* LightWeightMigrationTests.xctest */ = {isa = PBXFileReference; explicitFileType = wrapper.cfbundle; includeInIndex = 0; path = LightWeightMigrationTests.xctest; sourceTree = BUILT_PRODUCTS_DIR; };
		4DAAC96218983AA5009D0C60 /* XCTest.framework */ = {isa = PBXFileReference; lastKnownFileType = wrapper.framework; name = XCTest.framework; path = Library/Frameworks/XCTest.framework; sourceTree = DEVELOPER_DIR; };
		4DAAC96B18983AA5009D0C60 /* LightWeightMigrationTests-Info.plist */ = {isa = PBXFileReference; lastKnownFileType = text.plist.xml; path = "LightWeightMigrationTests-Info.plist"; sourceTree = "<group>"; };
		4DAAC96D18983AA5009D0C60 /* en */ = {isa = PBXFileReference; lastKnownFileType = text.plist.strings; name = en; path = en.lproj/InfoPlist.strings; sourceTree = "<group>"; };
		4DAAC96F18983AA5009D0C60 /* LightWeightMigrationTests.m */ = {isa = PBXFileReference; lastKnownFileType = sourcecode.c.objc; path = LightWeightMigrationTests.m; sourceTree = "<group>"; };
		4DAAC97918983B2F009D0C60 /* LightWeightMigration 2.xcdatamodel */ = {isa = PBXFileReference; lastKnownFileType = file; path = "LightWeightMigration 2.xcdatamodel"; sourceTree = "<group>"; };
		4DAAC97A18983B9A009D0C60 /* Model.xcmappingmodel */ = {isa = PBXFileReference; lastKnownFileType = wrapper.xcmappingmodel; name = Model.xcmappingmodel; path = ../Model.xcmappingmodel; sourceTree = "<group>"; };
/* End PBXFileReference section */

/* Begin PBXFrameworksBuildPhase section */
		4DAAC93E18983AA5009D0C60 /* Frameworks */ = {
			isa = PBXFrameworksBuildPhase;
			buildActionMask = 2147483647;
			files = (
				4DAAC94718983AA5009D0C60 /* CoreGraphics.framework in Frameworks */,
				4DAAC94B18983AA5009D0C60 /* CoreData.framework in Frameworks */,
				4DAAC94918983AA5009D0C60 /* UIKit.framework in Frameworks */,
				4DAAC94518983AA5009D0C60 /* Foundation.framework in Frameworks */,
			);
			runOnlyForDeploymentPostprocessing = 0;
		};
		4DAAC95E18983AA5009D0C60 /* Frameworks */ = {
			isa = PBXFrameworksBuildPhase;
			buildActionMask = 2147483647;
			files = (
				4DAAC96318983AA5009D0C60 /* XCTest.framework in Frameworks */,
				4DAAC96618983AA5009D0C60 /* CoreData.framework in Frameworks */,
				4DAAC96518983AA5009D0C60 /* UIKit.framework in Frameworks */,
				4DAAC96418983AA5009D0C60 /* Foundation.framework in Frameworks */,
			);
			runOnlyForDeploymentPostprocessing = 0;
		};
/* End PBXFrameworksBuildPhase section */

/* Begin PBXGroup section */
		4DAAC93818983AA5009D0C60 = {
			isa = PBXGroup;
			children = (
				4DAAC94C18983AA5009D0C60 /* LightWeightMigration */,
				4DAAC96918983AA5009D0C60 /* LightWeightMigrationTests */,
				4DAAC94318983AA5009D0C60 /* Frameworks */,
				4DAAC94218983AA5009D0C60 /* Products */,
			);
			sourceTree = "<group>";
		};
		4DAAC94218983AA5009D0C60 /* Products */ = {
			isa = PBXGroup;
			children = (
				4DAAC94118983AA5009D0C60 /* LightWeightMigration.app */,
				4DAAC96118983AA5009D0C60 /* LightWeightMigrationTests.xctest */,
			);
			name = Products;
			sourceTree = "<group>";
		};
		4DAAC94318983AA5009D0C60 /* Frameworks */ = {
			isa = PBXGroup;
			children = (
				4DAAC94418983AA5009D0C60 /* Foundation.framework */,
				4DAAC94618983AA5009D0C60 /* CoreGraphics.framework */,
				4DAAC94818983AA5009D0C60 /* UIKit.framework */,
				4DAAC94A18983AA5009D0C60 /* CoreData.framework */,
				4DAAC96218983AA5009D0C60 /* XCTest.framework */,
			);
			name = Frameworks;
			sourceTree = "<group>";
		};
		4DAAC94C18983AA5009D0C60 /* LightWeightMigration */ = {
			isa = PBXGroup;
			children = (
				4DAAC95518983AA5009D0C60 /* AppDelegate.h */,
				4DAAC95618983AA5009D0C60 /* AppDelegate.m */,
				4DAAC95B18983AA5009D0C60 /* Images.xcassets */,
				4DAAC97A18983B9A009D0C60 /* Model.xcmappingmodel */,
				4DAAC95818983AA5009D0C60 /* LightWeightMigration.xcdatamodeld */,
				4DAAC94D18983AA5009D0C60 /* Supporting Files */,
			);
			path = LightWeightMigration;
			sourceTree = "<group>";
		};
		4DAAC94D18983AA5009D0C60 /* Supporting Files */ = {
			isa = PBXGroup;
			children = (
				4DAAC94E18983AA5009D0C60 /* LightWeightMigration-Info.plist */,
				4DAAC94F18983AA5009D0C60 /* InfoPlist.strings */,
				4DAAC95218983AA5009D0C60 /* main.m */,
				4DAAC95418983AA5009D0C60 /* LightWeightMigration-Prefix.pch */,
			);
			name = "Supporting Files";
			sourceTree = "<group>";
		};
		4DAAC96918983AA5009D0C60 /* LightWeightMigrationTests */ = {
			isa = PBXGroup;
			children = (
				4DAAC96F18983AA5009D0C60 /* LightWeightMigrationTests.m */,
				4DAAC96A18983AA5009D0C60 /* Supporting Files */,
			);
			path = LightWeightMigrationTests;
			sourceTree = "<group>";
		};
		4DAAC96A18983AA5009D0C60 /* Supporting Files */ = {
			isa = PBXGroup;
			children = (
				4DAAC96B18983AA5009D0C60 /* LightWeightMigrationTests-Info.plist */,
				4DAAC96C18983AA5009D0C60 /* InfoPlist.strings */,
			);
			name = "Supporting Files";
			sourceTree = "<group>";
		};
/* End PBXGroup section */

/* Begin PBXNativeTarget section */
		4DAAC94018983AA5009D0C60 /* LightWeightMigration */ = {
			isa = PBXNativeTarget;
			buildConfigurationList = 4DAAC97318983AA5009D0C60 /* Build configuration list for PBXNativeTarget "LightWeightMigration" */;
			buildPhases = (
				4DAAC93D18983AA5009D0C60 /* Sources */,
				4DAAC93E18983AA5009D0C60 /* Frameworks */,
				4DAAC93F18983AA5009D0C60 /* Resources */,
			);
			buildRules = (
			);
			dependencies = (
			);
			name = LightWeightMigration;
			productName = LightWeightMigration;
			productReference = 4DAAC94118983AA5009D0C60 /* LightWeightMigration.app */;
			productType = "com.apple.product-type.application";
		};
		4DAAC96018983AA5009D0C60 /* LightWeightMigrationTests */ = {
			isa = PBXNativeTarget;
			buildConfigurationList = 4DAAC97618983AA5009D0C60 /* Build configuration list for PBXNativeTarget "LightWeightMigrationTests" */;
			buildPhases = (
				4DAAC95D18983AA5009D0C60 /* Sources */,
				4DAAC95E18983AA5009D0C60 /* Frameworks */,
				4DAAC95F18983AA5009D0C60 /* Resources */,
			);
			buildRules = (
			);
			dependencies = (
				4DAAC96818983AA5009D0C60 /* PBXTargetDependency */,
			);
			name = LightWeightMigrationTests;
			productName = LightWeightMigrationTests;
			productReference = 4DAAC96118983AA5009D0C60 /* LightWeightMigrationTests.xctest */;
			productType = "com.apple.product-type.bundle.unit-test";
		};
/* End PBXNativeTarget section */

/* Begin PBXProject section */
		4DAAC93918983AA5009D0C60 /* Project object */ = {
			isa = PBXProject;
			attributes = {
				LastUpgradeCheck = 0500;
				ORGANIZATIONNAME = desarrolloios.es;
				TargetAttributes = {
					4DAAC96018983AA5009D0C60 = {
						TestTargetID = 4DAAC94018983AA5009D0C60;
					};
				};
			};
			buildConfigurationList = 4DAAC93C18983AA5009D0C60 /* Build configuration list for PBXProject "LightWeightMigration" */;
			compatibilityVersion = "Xcode 3.2";
			developmentRegion = English;
			hasScannedForEncodings = 0;
			knownRegions = (
				en,
			);
			mainGroup = 4DAAC93818983AA5009D0C60;
			productRefGroup = 4DAAC94218983AA5009D0C60 /* Products */;
			projectDirPath = "";
			projectRoot = "";
			targets = (
				4DAAC94018983AA5009D0C60 /* LightWeightMigration */,
				4DAAC96018983AA5009D0C60 /* LightWeightMigrationTests */,
			);
		};
/* End PBXProject section */

/* Begin PBXResourcesBuildPhase section */
		4DAAC93F18983AA5009D0C60 /* Resources */ = {
			isa = PBXResourcesBuildPhase;
			buildActionMask = 2147483647;
			files = (
				4DAAC95118983AA5009D0C60 /* InfoPlist.strings in Resources */,
				4DAAC95C18983AA5009D0C60 /* Images.xcassets in Resources */,
			);
			runOnlyForDeploymentPostprocessing = 0;
		};
		4DAAC95F18983AA5009D0C60 /* Resources */ = {
			isa = PBXResourcesBuildPhase;
			buildActionMask = 2147483647;
			files = (
				4DAAC96E18983AA5009D0C60 /* InfoPlist.strings in Resources */,
			);
			runOnlyForDeploymentPostprocessing = 0;
		};
/* End PBXResourcesBuildPhase section */

/* Begin PBXSourcesBuildPhase section */
		4DAAC93D18983AA5009D0C60 /* Sources */ = {
			isa = PBXSourcesBuildPhase;
			buildActionMask = 2147483647;
			files = (
				4DAAC95718983AA5009D0C60 /* AppDelegate.m in Sources */,
				4DAAC95318983AA5009D0C60 /* main.m in Sources */,
				4DAAC95A18983AA5009D0C60 /* LightWeightMigration.xcdatamodeld in Sources */,
				4DAAC97B18983B9A009D0C60 /* Model.xcmappingmodel in Sources */,
			);
			runOnlyForDeploymentPostprocessing = 0;
		};
		4DAAC95D18983AA5009D0C60 /* Sources */ = {
			isa = PBXSourcesBuildPhase;
			buildActionMask = 2147483647;
			files = (
				4DAAC97018983AA5009D0C60 /* LightWeightMigrationTests.m in Sources */,
			);
			runOnlyForDeploymentPostprocessing = 0;
		};
/* End PBXSourcesBuildPhase section */

/* Begin PBXTargetDependency section */
		4DAAC96818983AA5009D0C60 /* PBXTargetDependency */ = {
			isa = PBXTargetDependency;
			target = 4DAAC94018983AA5009D0C60 /* LightWeightMigration */;
			targetProxy = 4DAAC96718983AA5009D0C60 /* PBXContainerItemProxy */;
		};
/* End PBXTargetDependency section */

/* Begin PBXVariantGroup section */
		4DAAC94F18983AA5009D0C60 /* InfoPlist.strings */ = {
			isa = PBXVariantGroup;
			children = (
				4DAAC95018983AA5009D0C60 /* en */,
			);
			name = InfoPlist.strings;
			sourceTree = "<group>";
		};
		4DAAC96C18983AA5009D0C60 /* InfoPlist.strings */ = {
			isa = PBXVariantGroup;
			children = (
				4DAAC96D18983AA5009D0C60 /* en */,
			);
			name = InfoPlist.strings;
			sourceTree = "<group>";
		};
/* End PBXVariantGroup section */

/* Begin XCBuildConfiguration section */
		4DAAC97118983AA5009D0C60 /* Debug */ = {
			isa = XCBuildConfiguration;
			buildSettings = {
				ALWAYS_SEARCH_USER_PATHS = NO;
				ARCHS = "$(ARCHS_STANDARD_INCLUDING_64_BIT)";
				CLANG_CXX_LANGUAGE_STANDARD = "gnu++0x";
				CLANG_CXX_LIBRARY = "libc++";
				CLANG_ENABLE_MODULES = YES;
				CLANG_ENABLE_OBJC_ARC = YES;
				CLANG_WARN_BOOL_CONVERSION = YES;
				CLANG_WARN_CONSTANT_CONVERSION = YES;
				CLANG_WARN_DIRECT_OBJC_ISA_USAGE = YES_ERROR;
				CLANG_WARN_EMPTY_BODY = YES;
				CLANG_WARN_ENUM_CONVERSION = YES;
				CLANG_WARN_INT_CONVERSION = YES;
				CLANG_WARN_OBJC_ROOT_CLASS = YES_ERROR;
				CLANG_WARN__DUPLICATE_METHOD_MATCH = YES;
				"CODE_SIGN_IDENTITY[sdk=iphoneos*]" = "iPhone Developer";
				COPY_PHASE_STRIP = NO;
				GCC_C_LANGUAGE_STANDARD = gnu99;
				GCC_DYNAMIC_NO_PIC = NO;
				GCC_OPTIMIZATION_LEVEL = 0;
				GCC_PREPROCESSOR_DEFINITIONS = (
					"DEBUG=1",
					"$(inherited)",
				);
				GCC_SYMBOLS_PRIVATE_EXTERN = NO;
				GCC_WARN_64_TO_32_BIT_CONVERSION = YES;
				GCC_WARN_ABOUT_RETURN_TYPE = YES_ERROR;
				GCC_WARN_UNDECLARED_SELECTOR = YES;
				GCC_WARN_UNINITIALIZED_AUTOS = YES;
				GCC_WARN_UNUSED_FUNCTION = YES;
				GCC_WARN_UNUSED_VARIABLE = YES;
				IPHONEOS_DEPLOYMENT_TARGET = 7.0;
				ONLY_ACTIVE_ARCH = YES;
				SDKROOT = iphoneos;
			};
			name = Debug;
		};
		4DAAC97218983AA5009D0C60 /* Release */ = {
			isa = XCBuildConfiguration;
			buildSettings = {
				ALWAYS_SEARCH_USER_PATHS = NO;
				ARCHS = "$(ARCHS_STANDARD_INCLUDING_64_BIT)";
				CLANG_CXX_LANGUAGE_STANDARD = "gnu++0x";
				CLANG_CXX_LIBRARY = "libc++";
				CLANG_ENABLE_MODULES = YES;
				CLANG_ENABLE_OBJC_ARC = YES;
				CLANG_WARN_BOOL_CONVERSION = YES;
				CLANG_WARN_CONSTANT_CONVERSION = YES;
				CLANG_WARN_DIRECT_OBJC_ISA_USAGE = YES_ERROR;
				CLANG_WARN_EMPTY_BODY = YES;
				CLANG_WARN_ENUM_CONVERSION = YES;
				CLANG_WARN_INT_CONVERSION = YES;
				CLANG_WARN_OBJC_ROOT_CLASS = YES_ERROR;
				CLANG_WARN__DUPLICATE_METHOD_MATCH = YES;
				"CODE_SIGN_IDENTITY[sdk=iphoneos*]" = "iPhone Developer";
				COPY_PHASE_STRIP = YES;
				ENABLE_NS_ASSERTIONS = NO;
				GCC_C_LANGUAGE_STANDARD = gnu99;
				GCC_WARN_64_TO_32_BIT_CONVERSION = YES;
				GCC_WARN_ABOUT_RETURN_TYPE = YES_ERROR;
				GCC_WARN_UNDECLARED_SELECTOR = YES;
				GCC_WARN_UNINITIALIZED_AUTOS = YES;
				GCC_WARN_UNUSED_FUNCTION = YES;
				GCC_WARN_UNUSED_VARIABLE = YES;
				IPHONEOS_DEPLOYMENT_TARGET = 7.0;
				SDKROOT = iphoneos;
				VALIDATE_PRODUCT = YES;
			};
			name = Release;
		};
		4DAAC97418983AA5009D0C60 /* Debug */ = {
			isa = XCBuildConfiguration;
			buildSettings = {
				ASSETCATALOG_COMPILER_APPICON_NAME = AppIcon;
				ASSETCATALOG_COMPILER_LAUNCHIMAGE_NAME = LaunchImage;
				GCC_PRECOMPILE_PREFIX_HEADER = YES;
				GCC_PREFIX_HEADER = "LightWeightMigration/LightWeightMigration-Prefix.pch";
				INFOPLIST_FILE = "LightWeightMigration/LightWeightMigration-Info.plist";
				PRODUCT_NAME = "$(TARGET_NAME)";
				WRAPPER_EXTENSION = app;
			};
			name = Debug;
		};
		4DAAC97518983AA5009D0C60 /* Release */ = {
			isa = XCBuildConfiguration;
			buildSettings = {
				ASSETCATALOG_COMPILER_APPICON_NAME = AppIcon;
				ASSETCATALOG_COMPILER_LAUNCHIMAGE_NAME = LaunchImage;
				GCC_PRECOMPILE_PREFIX_HEADER = YES;
				GCC_PREFIX_HEADER = "LightWeightMigration/LightWeightMigration-Prefix.pch";
				INFOPLIST_FILE = "LightWeightMigration/LightWeightMigration-Info.plist";
				PRODUCT_NAME = "$(TARGET_NAME)";
				WRAPPER_EXTENSION = app;
			};
			name = Release;
		};
		4DAAC97718983AA5009D0C60 /* Debug */ = {
			isa = XCBuildConfiguration;
			buildSettings = {
				ARCHS = "$(ARCHS_STANDARD_INCLUDING_64_BIT)";
				BUNDLE_LOADER = "$(BUILT_PRODUCTS_DIR)/LightWeightMigration.app/LightWeightMigration";
				FRAMEWORK_SEARCH_PATHS = (
					"$(SDKROOT)/Developer/Library/Frameworks",
					"$(inherited)",
					"$(DEVELOPER_FRAMEWORKS_DIR)",
				);
				GCC_PRECOMPILE_PREFIX_HEADER = YES;
				GCC_PREFIX_HEADER = "LightWeightMigration/LightWeightMigration-Prefix.pch";
				GCC_PREPROCESSOR_DEFINITIONS = (
					"DEBUG=1",
					"$(inherited)",
				);
				INFOPLIST_FILE = "LightWeightMigrationTests/LightWeightMigrationTests-Info.plist";
				PRODUCT_NAME = "$(TARGET_NAME)";
				TEST_HOST = "$(BUNDLE_LOADER)";
				WRAPPER_EXTENSION = xctest;
			};
			name = Debug;
		};
		4DAAC97818983AA5009D0C60 /* Release */ = {
			isa = XCBuildConfiguration;
			buildSettings = {
				ARCHS = "$(ARCHS_STANDARD_INCLUDING_64_BIT)";
				BUNDLE_LOADER = "$(BUILT_PRODUCTS_DIR)/LightWeightMigration.app/LightWeightMigration";
				FRAMEWORK_SEARCH_PATHS = (
					"$(SDKROOT)/Developer/Library/Frameworks",
					"$(inherited)",
					"$(DEVELOPER_FRAMEWORKS_DIR)",
				);
				GCC_PRECOMPILE_PREFIX_HEADER = YES;
				GCC_PREFIX_HEADER = "LightWeightMigration/LightWeightMigration-Prefix.pch";
				INFOPLIST_FILE = "LightWeightMigrationTests/LightWeightMigrationTests-Info.plist";
				PRODUCT_NAME = "$(TARGET_NAME)";
				TEST_HOST = "$(BUNDLE_LOADER)";
				WRAPPER_EXTENSION = xctest;
			};
			name = Release;
		};
/* End XCBuildConfiguration section */

/* Begin XCConfigurationList section */
		4DAAC93C18983AA5009D0C60 /* Build configuration list for PBXProject "LightWeightMigration" */ = {
			isa = XCConfigurationList;
			buildConfigurations = (
				4DAAC97118983AA5009D0C60 /* Debug */,
				4DAAC97218983AA5009D0C60 /* Release */,
			);
			defaultConfigurationIsVisible = 0;
			defaultConfigurationName = Release;
		};
		4DAAC97318983AA5009D0C60 /* Build configuration list for PBXNativeTarget "LightWeightMigration" */ = {
			isa = XCConfigurationList;
			buildConfigurations = (
				4DAAC97418983AA5009D0C60 /* Debug */,
				4DAAC97518983AA5009D0C60 /* Release */,
			);
			defaultConfigurationIsVisible = 0;
		};
		4DAAC97618983AA5009D0C60 /* Build configuration list for PBXNativeTarget "LightWeightMigrationTests" */ = {
			isa = XCConfigurationList;
			buildConfigurations = (
				4DAAC97718983AA5009D0C60 /* Debug */,
				4DAAC97818983AA5009D0C60 /* Release */,
			);
			defaultConfigurationIsVisible = 0;
		};
/* End XCConfigurationList section */

/* Begin XCVersionGroup section */
		4DAAC95818983AA5009D0C60 /* LightWeightMigration.xcdatamodeld */ = {
			isa = XCVersionGroup;
			children = (
				4DAAC97918983B2F009D0C60 /* LightWeightMigration 2.xcdatamodel */,
				4DAAC95918983AA5009D0C60 /* LightWeightMigration.xcdatamodel */,
			);
			currentVersion = 4DAAC97918983B2F009D0C60 /* LightWeightMigration 2.xcdatamodel */;
			path = LightWeightMigration.xcdatamodeld;
			sourceTree = "<group>";
			versionGroupType = wrapper.xcdatamodel;
		};
/* End XCVersionGroup section */
	};
	rootObject = 4DAAC93918983AA5009D0C60 /* Project object */;
}
